
Microsoft Visual Studio Solution File, Format Version 12.00
# Visual Studio Version 17
VisualStudioVersion = 17.9.34728.123
MinimumVisualStudioVersion = 10.0.40219.1
Project("{FAE04EC0-301F-11D3-BF4B-00C04F79EFBC}") = "CodigoClase14", "CodigoClase14\CodigoClase14.csproj", "{476D1172-C113-4EDD-9769-B42F2D804283}"
EndProject
Global
	GlobalSection(SolutionConfigurationPlatforms) = preSolution
		Debug|Any CPU = Debug|Any CPU
		Release|Any CPU = Release|Any CPU
	EndGlobalSection
	GlobalSection(ProjectConfigurationPlatforms) = postSolution
		{476D1172-C113-4EDD-9769-B42F2D804283}.Debug|Any CPU.ActiveCfg = Debug|Any CPU
		{476D1172-C113-4EDD-9769-B42F2D804283}.Debug|Any CPU.Build.0 = Debug|Any CPU
		{476D1172-C113-4EDD-9769-B42F2D804283}.Release|Any CPU.ActiveCfg = Release|Any CPU
		{476D1172-C113-4EDD-9769-B42F2D804283}.Release|Any CPU.Build.0 = Release|Any CPU
	EndGlobalSection
	GlobalSection(SolutionProperties) = preSolution
		HideSolutionNode = FALSE
	EndGlobalSection
	GlobalSection(ExtensibilityGlobals) = postSolution
		SolutionGuid = {E214A385-6322-42CA-B117-8B1C7E1C758F}
	EndGlobalSection
EndGlobal
